
Microsoft Visual Studio Solution File, Format Version 12.00
# Visual Studio Version 17
VisualStudioVersion = 17.14.37216.2 d17.14
MinimumVisualStudioVersion = 10.0.40219.1
Project("{FAE04EC0-301F-11D3-BF4B-00C04F79EFBC}") = "eCommerce.API", "eCommerce.API\eCommerce.API.csproj", "{90DFE776-170F-4987-9822-345DB182CEF2}"
EndProject
Project("{FAE04EC0-301F-11D3-BF4B-00C04F79EFBC}") = "eCommerce.Infrastructure", "eCommerce.Infrastructure\eCommerce.Infrastructure.csproj", "{391EA8E7-596D-4C74-B1C6-93089215A734}"
EndProject
Project("{FAE04EC0-301F-11D3-BF4B-00C04F79EFBC}") = "eCommerce.Core", "eCommerce.Core\eCommerce.Core.csproj", "{0C94393E-74F3-4537-86F5-F385678C8A93}"
EndProject
Global
	GlobalSection(SolutionConfigurationPlatforms) = preSolution
		Debug|Any CPU = Debug|Any CPU
		Release|Any CPU = Release|Any CPU
	EndGlobalSection
	GlobalSection(ProjectConfigurationPlatforms) = postSolution
		{90DFE776-170F-4987-9822-345DB182CEF2}.Debug|Any CPU.ActiveCfg = Debug|Any CPU
		{90DFE776-170F-4987-9822-345DB182CEF2}.Debug|Any CPU.Build.0 = Debug|Any CPU
		{90DFE776-170F-4987-9822-345DB182CEF2}.Release|Any CPU.ActiveCfg = Release|Any CPU
		{90DFE776-170F-4987-9822-345DB182CEF2}.Release|Any CPU.Build.0 = Release|Any CPU
		{391EA8E7-596D-4C74-B1C6-93089215A734}.Debug|Any CPU.ActiveCfg = Debug|Any CPU
		{391EA8E7-596D-4C74-B1C6-93089215A734}.Debug|Any CPU.Build.0 = Debug|Any CPU
		{391EA8E7-596D-4C74-B1C6-93089215A734}.Release|Any CPU.ActiveCfg = Release|Any CPU
		{391EA8E7-596D-4C74-B1C6-93089215A734}.Release|Any CPU.Build.0 = Release|Any CPU
		{0C94393E-74F3-4537-86F5-F385678C8A93}.Debug|Any CPU.ActiveCfg = Debug|Any CPU
		{0C94393E-74F3-4537-86F5-F385678C8A93}.Debug|Any CPU.Build.0 = Debug|Any CPU
		{0C94393E-74F3-4537-86F5-F385678C8A93}.Release|Any CPU.ActiveCfg = Release|Any CPU
		{0C94393E-74F3-4537-86F5-F385678C8A93}.Release|Any CPU.Build.0 = Release|Any CPU
	EndGlobalSection
	GlobalSection(SolutionProperties) = preSolution
		HideSolutionNode = FALSE
	EndGlobalSection
	GlobalSection(ExtensibilityGlobals) = postSolution
		SolutionGuid = {7A6B6D18-295C-415A-9DBB-320C5644C058}
	EndGlobalSection
EndGlobal
